
Microsoft Visual Studio Solution File, Format Version 12.00
# Visual Studio Version 17
VisualStudioVersion = 17.9.34622.214
MinimumVisualStudioVersion = 10.0.40219.1
Project("{FAE04EC0-301F-11D3-BF4B-00C04F79EFBC}") = "TheCoffeeShop", "TheCoffeeShop.csproj", "{8B4DDE88-83CC-4889-B0B1-DAC146C3B7D1}"
EndProject
Global
	GlobalSection(SolutionConfigurationPlatforms) = preSolution
		Debug|Any CPU = Debug|Any CPU
		Release|Any CPU = Release|Any CPU
	EndGlobalSection
	GlobalSection(ProjectConfigurationPlatforms) = postSolution
		{8B4DDE88-83CC-4889-B0B1-DAC146C3B7D1}.Debug|Any CPU.ActiveCfg = Debug|Any CPU
		{8B4DDE88-83CC-4889-B0B1-DAC146C3B7D1}.Debug|Any CPU.Build.0 = Debug|Any CPU
		{8B4DDE88-83CC-4889-B0B1-DAC146C3B7D1}.Release|Any CPU.ActiveCfg = Release|Any CPU
		{8B4DDE88-83CC-4889-B0B1-DAC146C3B7D1}.Release|Any CPU.Build.0 = Release|Any CPU
	EndGlobalSection
	GlobalSection(SolutionProperties) = preSolution
		HideSolutionNode = FALSE
	EndGlobalSection
	GlobalSection(ExtensibilityGlobals) = postSolution
		SolutionGuid = {FFCB682F-911C-4CCE-A8F7-6D923024A04C}
	EndGlobalSection
EndGlobal
